
Microsoft Visual Studio Solution File, Format Version 12.00
# Visual Studio Version 17
VisualStudioVersion = 17.2.32526.322
MinimumVisualStudioVersion = 10.0.40219.1
Project("{9A19103F-16F7-4668-BE54-9A1E7A4F7556}") = "Car.Web", "Car.Web\Car.Web.csproj", "{FE7020D7-9419-4A84-AE3B-F825B052ADBA}"
EndProject
Global
	GlobalSection(SolutionConfigurationPlatforms) = preSolution
		Debug|Any CPU = Debug|Any CPU
		Release|Any CPU = Release|Any CPU
	EndGlobalSection
	GlobalSection(ProjectConfigurationPlatforms) = postSolution
		{FE7020D7-9419-4A84-AE3B-F825B052ADBA}.Debug|Any CPU.ActiveCfg = Debug|Any CPU
		{FE7020D7-9419-4A84-AE3B-F825B052ADBA}.Debug|Any CPU.Build.0 = Debug|Any CPU
		{FE7020D7-9419-4A84-AE3B-F825B052ADBA}.Release|Any CPU.ActiveCfg = Release|Any CPU
		{FE7020D7-9419-4A84-AE3B-F825B052ADBA}.Release|Any CPU.Build.0 = Release|Any CPU
	EndGlobalSection
	GlobalSection(SolutionProperties) = preSolution
		HideSolutionNode = FALSE
	EndGlobalSection
	GlobalSection(ExtensibilityGlobals) = postSolution
		SolutionGuid = {497440A5-D9DF-4352-8A3A-3D9CE462CDD6}
	EndGlobalSection
EndGlobal
